
Microsoft Visual Studio Solution File, Format Version 12.00
# Visual Studio Version 17
VisualStudioVersion = 17.5.002.0
MinimumVisualStudioVersion = 10.0.40219.1
Project("{2150E333-8FDC-42A3-9474-1A3956D46DE8}") = "Backend", "Backend", "{6B7E0530-A734-45E1-935B-62BF448E9A55}"
EndProject
Project("{9A19103F-16F7-4668-BE54-9A1E7A4F7556}") = "HotelManagementSystem", "Backend\HotelManagementSystem\HotelManagementSystem.csproj", "{93D60C96-986D-412A-A819-9DE634263B28}"
EndProject
Global
	GlobalSection(SolutionConfigurationPlatforms) = preSolution
		Debug|Any CPU = Debug|Any CPU
		Release|Any CPU = Release|Any CPU
	EndGlobalSection
	GlobalSection(ProjectConfigurationPlatforms) = postSolution
		{93D60C96-986D-412A-A819-9DE634263B28}.Debug|Any CPU.ActiveCfg = Debug|Any CPU
		{93D60C96-986D-412A-A819-9DE634263B28}.Debug|Any CPU.Build.0 = Debug|Any CPU
		{93D60C96-986D-412A-A819-9DE634263B28}.Release|Any CPU.ActiveCfg = Release|Any CPU
		{93D60C96-986D-412A-A819-9DE634263B28}.Release|Any CPU.Build.0 = Release|Any CPU
	EndGlobalSection
	GlobalSection(SolutionProperties) = preSolution
		HideSolutionNode = FALSE
	EndGlobalSection
	GlobalSection(NestedProjects) = preSolution
		{93D60C96-986D-412A-A819-9DE634263B28} = {6B7E0530-A734-45E1-935B-62BF448E9A55}
	EndGlobalSection
	GlobalSection(ExtensibilityGlobals) = postSolution
		SolutionGuid = {FDC31721-84FB-4B0C-977D-92D6AEAB88A2}
	EndGlobalSection
EndGlobal
